
Microsoft Visual Studio Solution File, Format Version 12.00
# Visual Studio 15
VisualStudioVersion = 15.0.27130.2020
MinimumVisualStudioVersion = 10.0.40219.1
Project("{2150E333-8FDC-42A3-9474-1A3956D46DE8}") = "Doc", "Doc", "{1488F795-992C-4535-9233-9EE8411C5872}"
	ProjectSection(SolutionItems) = preProject
		LICENSE = LICENSE
		README.md = README.md
	EndProjectSection
EndProject
Project("{9A19103F-16F7-4668-BE54-9A1E7A4F7556}") = "D365WebApiClient.Standard", "Standard\D365WebApiClient.Standard\D365WebApiClient.Standard.csproj", "{76726354-CB8E-4C98-A358-7D477426758A}"
EndProject
Project("{2150E333-8FDC-42A3-9474-1A3956D46DE8}") = "Standard", "Standard", "{5791A047-4A13-407D-87E0-68378A14FFAA}"
EndProject
Project("{9A19103F-16F7-4668-BE54-9A1E7A4F7556}") = "Demo", "Standard\Demo.Standard\Demo.csproj", "{CE476C7D-01C5-463D-BE4A-004974045B01}"
EndProject
Global
	GlobalSection(SolutionConfigurationPlatforms) = preSolution
		Debug|Any CPU = Debug|Any CPU
		Release|Any CPU = Release|Any CPU
	EndGlobalSection
	GlobalSection(ProjectConfigurationPlatforms) = postSolution
		{76726354-CB8E-4C98-A358-7D477426758A}.Debug|Any CPU.ActiveCfg = Debug|Any CPU
		{76726354-CB8E-4C98-A358-7D477426758A}.Debug|Any CPU.Build.0 = Debug|Any CPU
		{76726354-CB8E-4C98-A358-7D477426758A}.Release|Any CPU.ActiveCfg = Release|Any CPU
		{76726354-CB8E-4C98-A358-7D477426758A}.Release|Any CPU.Build.0 = Release|Any CPU
		{CE476C7D-01C5-463D-BE4A-004974045B01}.Debug|Any CPU.ActiveCfg = Debug|Any CPU
		{CE476C7D-01C5-463D-BE4A-004974045B01}.Debug|Any CPU.Build.0 = Debug|Any CPU
		{CE476C7D-01C5-463D-BE4A-004974045B01}.Release|Any CPU.ActiveCfg = Release|Any CPU
		{CE476C7D-01C5-463D-BE4A-004974045B01}.Release|Any CPU.Build.0 = Release|Any CPU
	EndGlobalSection
	GlobalSection(SolutionProperties) = preSolution
		HideSolutionNode = FALSE
	EndGlobalSection
	GlobalSection(NestedProjects) = preSolution
		{76726354-CB8E-4C98-A358-7D477426758A} = {5791A047-4A13-407D-87E0-68378A14FFAA}
		{CE476C7D-01C5-463D-BE4A-004974045B01} = {5791A047-4A13-407D-87E0-68378A14FFAA}
	EndGlobalSection
	GlobalSection(ExtensibilityGlobals) = postSolution
		SolutionGuid = {5FF7A40F-179C-4D92-9FE9-ECC6D128F989}
	EndGlobalSection
EndGlobal
